// !$*UTF8*$!
{
	archiveVersion = 1;
	classes = {
	};
	objectVersion = 50;
	objects = {

/* Begin PBXBuildFile section */
		416AEE99244A9C9D002CC6D4 /* MapColoring.swift in Sources */ = {isa = PBXBuildFile; fileRef = 416AEE98244A9C9D002CC6D4 /* MapColoring.swift */; };
		416C52A2244BF5E100F6F023 /* UsingCSP.swift in Sources */ = {isa = PBXBuildFile; fileRef = 416C52A1244BF5E100F6F023 /* UsingCSP.swift */; };
		416C52A5244C1CB800F6F023 /* PokerTest.swift in Sources */ = {isa = PBXBuildFile; fileRef = 416C52A4244C1CB800F6F023 /* PokerTest.swift */; };
		416D03D1244D473200A53BE7 /* Queens.swift in Sources */ = {isa = PBXBuildFile; fileRef = 416D03D0244D473200A53BE7 /* Queens.swift */; };
		4170A801244592D700763F70 /* main.swift in Sources */ = {isa = PBXBuildFile; fileRef = 4170A800244592D700763F70 /* main.swift */; };
		4170A8092445931E00763F70 /* Heap.swift in Sources */ = {isa = PBXBuildFile; fileRef = 4170A8082445931E00763F70 /* Heap.swift */; };
		4170A80B2445936100763F70 /* MaxHeap.swift in Sources */ = {isa = PBXBuildFile; fileRef = 4170A80A2445936100763F70 /* MaxHeap.swift */; };
		4170A80D2445936A00763F70 /* MinHeap.swift in Sources */ = {isa = PBXBuildFile; fileRef = 4170A80C2445936A00763F70 /* MinHeap.swift */; };
		4170A8112445949500763F70 /* Astar.swift in Sources */ = {isa = PBXBuildFile; fileRef = 4170A8102445949500763F70 /* Astar.swift */; };
		4170A8142445BCAD00763F70 /* Maze.swift in Sources */ = {isa = PBXBuildFile; fileRef = 4170A8132445BCAD00763F70 /* Maze.swift */; };
		4170A8182445BD5C00763F70 /* Stack.swift in Sources */ = {isa = PBXBuildFile; fileRef = 4170A8172445BD5C00763F70 /* Stack.swift */; };
		4170A81A2445BD8600763F70 /* Queue.swift in Sources */ = {isa = PBXBuildFile; fileRef = 4170A8192445BD8600763F70 /* Queue.swift */; };
		4170A81C2445BF2900763F70 /* DFS.swift in Sources */ = {isa = PBXBuildFile; fileRef = 4170A81B2445BF2900763F70 /* DFS.swift */; };
		4170A81E2445BF6700763F70 /* BFS.swift in Sources */ = {isa = PBXBuildFile; fileRef = 4170A81D2445BF6700763F70 /* BFS.swift */; };
		417AD53C24499533005FB686 /* CSP.swift in Sources */ = {isa = PBXBuildFile; fileRef = 417AD53B24499533005FB686 /* CSP.swift */; };
		419CE6F1244EA3610091EB90 /* WordSearch.swift in Sources */ = {isa = PBXBuildFile; fileRef = 419CE6F0244EA3610091EB90 /* WordSearch.swift */; };
		419CE6F3244EED160091EB90 /* SendMoreMoney.swift in Sources */ = {isa = PBXBuildFile; fileRef = 419CE6F2244EED160091EB90 /* SendMoreMoney.swift */; };
		419CE6F5244EF8C80091EB90 /* CircuitBoard.swift in Sources */ = {isa = PBXBuildFile; fileRef = 419CE6F4244EF8C80091EB90 /* CircuitBoard.swift */; };
		41FAAF652450013C00FC4ADB /* tmGraph.swift in Sources */ = {isa = PBXBuildFile; fileRef = 41FAAF642450013C00FC4ADB /* tmGraph.swift */; };
		41FAAF6724500AD800FC4ADB /* GraphInstance.swift in Sources */ = {isa = PBXBuildFile; fileRef = 41FAAF6624500AD800FC4ADB /* GraphInstance.swift */; };
		41FAAF6A2450891C00FC4ADB /* UnweightedGraph.swift in Sources */ = {isa = PBXBuildFile; fileRef = 41FAAF692450891C00FC4ADB /* UnweightedGraph.swift */; };
		41FAAF6C2450895600FC4ADB /* WeightedGraph.swift in Sources */ = {isa = PBXBuildFile; fileRef = 41FAAF6B2450895600FC4ADB /* WeightedGraph.swift */; };
/* End PBXBuildFile section */

/* Begin PBXCopyFilesBuildPhase section */
		4170A7FB244592D700763F70 /* CopyFiles */ = {
			isa = PBXCopyFilesBuildPhase;
			buildActionMask = 2147483647;
			dstPath = /usr/share/man/man1/;
			dstSubfolderSpec = 0;
			files = (
			);
			runOnlyForDeploymentPostprocessing = 1;
		};
/* End PBXCopyFilesBuildPhase section */

/* Begin PBXFileReference section */
		416AEE98244A9C9D002CC6D4 /* MapColoring.swift */ = {isa = PBXFileReference; lastKnownFileType = sourcecode.swift; path = MapColoring.swift; sourceTree = "<group>"; };
		416C52A1244BF5E100F6F023 /* UsingCSP.swift */ = {isa = PBXFileReference; lastKnownFileType = sourcecode.swift; path = UsingCSP.swift; sourceTree = "<group>"; };
		416C52A4244C1CB800F6F023 /* PokerTest.swift */ = {isa = PBXFileReference; lastKnownFileType = sourcecode.swift; path = PokerTest.swift; sourceTree = "<group>"; };
		416D03D0244D473200A53BE7 /* Queens.swift */ = {isa = PBXFileReference; lastKnownFileType = sourcecode.swift; path = Queens.swift; sourceTree = "<group>"; };
		4170A7FD244592D700763F70 /* tmAlgorithm */ = {isa = PBXFileReference; explicitFileType = "compiled.mach-o.executable"; includeInIndex = 0; path = tmAlgorithm; sourceTree = BUILT_PRODUCTS_DIR; };
		4170A800244592D700763F70 /* main.swift */ = {isa = PBXFileReference; lastKnownFileType = sourcecode.swift; path = main.swift; sourceTree = "<group>"; };
		4170A8082445931E00763F70 /* Heap.swift */ = {isa = PBXFileReference; lastKnownFileType = sourcecode.swift; path = Heap.swift; sourceTree = "<group>"; };
		4170A80A2445936100763F70 /* MaxHeap.swift */ = {isa = PBXFileReference; lastKnownFileType = sourcecode.swift; path = MaxHeap.swift; sourceTree = "<group>"; };
		4170A80C2445936A00763F70 /* MinHeap.swift */ = {isa = PBXFileReference; lastKnownFileType = sourcecode.swift; path = MinHeap.swift; sourceTree = "<group>"; };
		4170A8102445949500763F70 /* Astar.swift */ = {isa = PBXFileReference; lastKnownFileType = sourcecode.swift; path = Astar.swift; sourceTree = "<group>"; };
		4170A8132445BCAD00763F70 /* Maze.swift */ = {isa = PBXFileReference; lastKnownFileType = sourcecode.swift; path = Maze.swift; sourceTree = "<group>"; };
		4170A8172445BD5C00763F70 /* Stack.swift */ = {isa = PBXFileReference; lastKnownFileType = sourcecode.swift; path = Stack.swift; sourceTree = "<group>"; };
		4170A8192445BD8600763F70 /* Queue.swift */ = {isa = PBXFileReference; lastKnownFileType = sourcecode.swift; path = Queue.swift; sourceTree = "<group>"; };
		4170A81B2445BF2900763F70 /* DFS.swift */ = {isa = PBXFileReference; lastKnownFileType = sourcecode.swift; path = DFS.swift; sourceTree = "<group>"; };
		4170A81D2445BF6700763F70 /* BFS.swift */ = {isa = PBXFileReference; lastKnownFileType = sourcecode.swift; path = BFS.swift; sourceTree = "<group>"; };
		417AD53B24499533005FB686 /* CSP.swift */ = {isa = PBXFileReference; lastKnownFileType = sourcecode.swift; path = CSP.swift; sourceTree = "<group>"; };
		419CE6F0244EA3610091EB90 /* WordSearch.swift */ = {isa = PBXFileReference; lastKnownFileType = sourcecode.swift; path = WordSearch.swift; sourceTree = "<group>"; };
		419CE6F2244EED160091EB90 /* SendMoreMoney.swift */ = {isa = PBXFileReference; lastKnownFileType = sourcecode.swift; path = SendMoreMoney.swift; sourceTree = "<group>"; };
		419CE6F4244EF8C80091EB90 /* CircuitBoard.swift */ = {isa = PBXFileReference; lastKnownFileType = sourcecode.swift; path = CircuitBoard.swift; sourceTree = "<group>"; };
		41FAAF642450013C00FC4ADB /* tmGraph.swift */ = {isa = PBXFileReference; lastKnownFileType = sourcecode.swift; path = tmGraph.swift; sourceTree = "<group>"; };
		41FAAF6624500AD800FC4ADB /* GraphInstance.swift */ = {isa = PBXFileReference; lastKnownFileType = sourcecode.swift; path = GraphInstance.swift; sourceTree = "<group>"; };
		41FAAF692450891C00FC4ADB /* UnweightedGraph.swift */ = {isa = PBXFileReference; lastKnownFileType = sourcecode.swift; path = UnweightedGraph.swift; sourceTree = "<group>"; };
		41FAAF6B2450895600FC4ADB /* WeightedGraph.swift */ = {isa = PBXFileReference; lastKnownFileType = sourcecode.swift; path = WeightedGraph.swift; sourceTree = "<group>"; };
/* End PBXFileReference section */

/* Begin PBXFrameworksBuildPhase section */
		4170A7FA244592D700763F70 /* Frameworks */ = {
			isa = PBXFrameworksBuildPhase;
			buildActionMask = 2147483647;
			files = (
			);
			runOnlyForDeploymentPostprocessing = 0;
		};
/* End PBXFrameworksBuildPhase section */

/* Begin PBXGroup section */
		416C52A3244C1CA100F6F023 /* PokerTest */ = {
			isa = PBXGroup;
			children = (
				416C52A4244C1CB800F6F023 /* PokerTest.swift */,
			);
			path = PokerTest;
			sourceTree = "<group>";
		};
		4170A7F4244592D700763F70 = {
			isa = PBXGroup;
			children = (
				4170A7FF244592D700763F70 /* tmAlgorithm */,
				4170A7FE244592D700763F70 /* Products */,
			);
			sourceTree = "<group>";
		};
		4170A7FE244592D700763F70 /* Products */ = {
			isa = PBXGroup;
			children = (
				4170A7FD244592D700763F70 /* tmAlgorithm */,
			);
			name = Products;
			sourceTree = "<group>";
		};
		4170A7FF244592D700763F70 /* tmAlgorithm */ = {
			isa = PBXGroup;
			children = (
				41FAAF63245000DB00FC4ADB /* Graph */,
				416C52A3244C1CA100F6F023 /* PokerTest */,
				417AD53A24499508005FB686 /* CSP */,
				4170A8152445BD2000763F70 /* DataStructure */,
				4170A8122445BC2A00763F70 /* QofSearch */,
				4170A800244592D700763F70 /* main.swift */,
			);
			path = tmAlgorithm;
			sourceTree = "<group>";
		};
		4170A8072445930F00763F70 /* Heap */ = {
			isa = PBXGroup;
			children = (
				4170A8082445931E00763F70 /* Heap.swift */,
				4170A80C2445936A00763F70 /* MinHeap.swift */,
				4170A80A2445936100763F70 /* MaxHeap.swift */,
			);
			path = Heap;
			sourceTree = "<group>";
		};
		4170A8122445BC2A00763F70 /* QofSearch */ = {
			isa = PBXGroup;
			children = (
				4170A8132445BCAD00763F70 /* Maze.swift */,
				4170A81D2445BF6700763F70 /* BFS.swift */,
				4170A81B2445BF2900763F70 /* DFS.swift */,
				4170A8102445949500763F70 /* Astar.swift */,
			);
			path = QofSearch;
			sourceTree = "<group>";
		};
		4170A8152445BD2000763F70 /* DataStructure */ = {
			isa = PBXGroup;
			children = (
				4170A8172445BD5C00763F70 /* Stack.swift */,
				4170A8192445BD8600763F70 /* Queue.swift */,
				4170A8072445930F00763F70 /* Heap */,
			);
			path = DataStructure;
			sourceTree = "<group>";
		};
		417AD53A24499508005FB686 /* CSP */ = {
			isa = PBXGroup;
			children = (
				417AD53B24499533005FB686 /* CSP.swift */,
				416AEE98244A9C9D002CC6D4 /* MapColoring.swift */,
				416C52A1244BF5E100F6F023 /* UsingCSP.swift */,
				416D03D0244D473200A53BE7 /* Queens.swift */,
				419CE6F0244EA3610091EB90 /* WordSearch.swift */,
				419CE6F2244EED160091EB90 /* SendMoreMoney.swift */,
				419CE6F4244EF8C80091EB90 /* CircuitBoard.swift */,
			);
			path = CSP;
			sourceTree = "<group>";
		};
		41FAAF63245000DB00FC4ADB /* Graph */ = {
			isa = PBXGroup;
			children = (
				41FAAF642450013C00FC4ADB /* tmGraph.swift */,
				41FAAF692450891C00FC4ADB /* UnweightedGraph.swift */,
				41FAAF6B2450895600FC4ADB /* WeightedGraph.swift */,
				41FAAF6624500AD800FC4ADB /* GraphInstance.swift */,
			);
			path = Graph;
			sourceTree = "<group>";
		};
/* End PBXGroup section */

/* Begin PBXNativeTarget section */
		4170A7FC244592D700763F70 /* tmAlgorithm */ = {
			isa = PBXNativeTarget;
			buildConfigurationList = 4170A804244592D700763F70 /* Build configuration list for PBXNativeTarget "tmAlgorithm" */;
			buildPhases = (
				4170A7F9244592D700763F70 /* Sources */,
				4170A7FA244592D700763F70 /* Frameworks */,
				4170A7FB244592D700763F70 /* CopyFiles */,
			);
			buildRules = (
			);
			dependencies = (
			);
			name = tmAlgorithm;
			productName = tmAlgorithm;
			productReference = 4170A7FD244592D700763F70 /* tmAlgorithm */;
			productType = "com.apple.product-type.tool";
		};
/* End PBXNativeTarget section */

/* Begin PBXProject section */
		4170A7F5244592D700763F70 /* Project object */ = {
			isa = PBXProject;
			attributes = {
				LastSwiftUpdateCheck = 1140;
				LastUpgradeCheck = 1140;
				ORGANIZATIONNAME = tumao;
				TargetAttributes = {
					4170A7FC244592D700763F70 = {
						CreatedOnToolsVersion = 11.4;
					};
				};
			};
			buildConfigurationList = 4170A7F8244592D700763F70 /* Build configuration list for PBXProject "tmAlgorithm" */;
			compatibilityVersion = "Xcode 9.3";
			developmentRegion = en;
			hasScannedForEncodings = 0;
			knownRegions = (
				en,
				Base,
			);
			mainGroup = 4170A7F4244592D700763F70;
			productRefGroup = 4170A7FE244592D700763F70 /* Products */;
			projectDirPath = "";
			projectRoot = "";
			targets = (
				4170A7FC244592D700763F70 /* tmAlgorithm */,
			);
		};
/* End PBXProject section */

/* Begin PBXSourcesBuildPhase section */
		4170A7F9244592D700763F70 /* Sources */ = {
			isa = PBXSourcesBuildPhase;
			buildActionMask = 2147483647;
			files = (
				41FAAF6A2450891C00FC4ADB /* UnweightedGraph.swift in Sources */,
				417AD53C24499533005FB686 /* CSP.swift in Sources */,
				41FAAF6724500AD800FC4ADB /* GraphInstance.swift in Sources */,
				4170A801244592D700763F70 /* main.swift in Sources */,
				41FAAF652450013C00FC4ADB /* tmGraph.swift in Sources */,
				4170A81E2445BF6700763F70 /* BFS.swift in Sources */,
				4170A8092445931E00763F70 /* Heap.swift in Sources */,
				4170A8182445BD5C00763F70 /* Stack.swift in Sources */,
				416C52A5244C1CB800F6F023 /* PokerTest.swift in Sources */,
				416D03D1244D473200A53BE7 /* Queens.swift in Sources */,
				4170A81C2445BF2900763F70 /* DFS.swift in Sources */,
				4170A81A2445BD8600763F70 /* Queue.swift in Sources */,
				4170A8142445BCAD00763F70 /* Maze.swift in Sources */,
				4170A80D2445936A00763F70 /* MinHeap.swift in Sources */,
				416C52A2244BF5E100F6F023 /* UsingCSP.swift in Sources */,
				419CE6F1244EA3610091EB90 /* WordSearch.swift in Sources */,
				4170A8112445949500763F70 /* Astar.swift in Sources */,
				41FAAF6C2450895600FC4ADB /* WeightedGraph.swift in Sources */,
				419CE6F5244EF8C80091EB90 /* CircuitBoard.swift in Sources */,
				419CE6F3244EED160091EB90 /* SendMoreMoney.swift in Sources */,
				4170A80B2445936100763F70 /* MaxHeap.swift in Sources */,
				416AEE99244A9C9D002CC6D4 /* MapColoring.swift in Sources */,
			);
			runOnlyForDeploymentPostprocessing = 0;
		};
/* End PBXSourcesBuildPhase section */

/* Begin XCBuildConfiguration section */
		4170A802244592D700763F70 /* Debug */ = {
			isa = XCBuildConfiguration;
			buildSettings = {
				ALWAYS_SEARCH_USER_PATHS = NO;
				CLANG_ANALYZER_NONNULL = YES;
				CLANG_ANALYZER_NUMBER_OBJECT_CONVERSION = YES_AGGRESSIVE;
				CLANG_CXX_LANGUAGE_STANDARD = "gnu++14";
				CLANG_CXX_LIBRARY = "libc++";
				CLANG_ENABLE_MODULES = YES;
				CLANG_ENABLE_OBJC_ARC = YES;
				CLANG_ENABLE_OBJC_WEAK = YES;
				CLANG_WARN_BLOCK_CAPTURE_AUTORELEASING = YES;
				CLANG_WARN_BOOL_CONVERSION = YES;
				CLANG_WARN_COMMA = YES;
				CLANG_WARN_CONSTANT_CONVERSION = YES;
				CLANG_WARN_DEPRECATED_OBJC_IMPLEMENTATIONS = YES;
				CLANG_WARN_DIRECT_OBJC_ISA_USAGE = YES_ERROR;
				CLANG_WARN_DOCUMENTATION_COMMENTS = YES;
				CLANG_WARN_EMPTY_BODY = YES;
				CLANG_WARN_ENUM_CONVERSION = YES;
				CLANG_WARN_INFINITE_RECURSION = YES;
				CLANG_WARN_INT_CONVERSION = YES;
				CLANG_WARN_NON_LITERAL_NULL_CONVERSION = YES;
				CLANG_WARN_OBJC_IMPLICIT_RETAIN_SELF = YES;
				CLANG_WARN_OBJC_LITERAL_CONVERSION = YES;
				CLANG_WARN_OBJC_ROOT_CLASS = YES_ERROR;
				CLANG_WARN_RANGE_LOOP_ANALYSIS = YES;
				CLANG_WARN_STRICT_PROTOTYPES = YES;
				CLANG_WARN_SUSPICIOUS_MOVE = YES;
				CLANG_WARN_UNGUARDED_AVAILABILITY = YES_AGGRESSIVE;
				CLANG_WARN_UNREACHABLE_CODE = YES;
				CLANG_WARN__DUPLICATE_METHOD_MATCH = YES;
				COPY_PHASE_STRIP = NO;
				DEBUG_INFORMATION_FORMAT = dwarf;
				ENABLE_STRICT_OBJC_MSGSEND = YES;
				ENABLE_TESTABILITY = YES;
				GCC_C_LANGUAGE_STANDARD = gnu11;
				GCC_DYNAMIC_NO_PIC = NO;
				GCC_NO_COMMON_BLOCKS = YES;
				GCC_OPTIMIZATION_LEVEL = 0;
				GCC_PREPROCESSOR_DEFINITIONS = (
					"DEBUG=1",
					"$(inherited)",
				);
				GCC_WARN_64_TO_32_BIT_CONVERSION = YES;
				GCC_WARN_ABOUT_RETURN_TYPE = YES_ERROR;
				GCC_WARN_UNDECLARED_SELECTOR = YES;
				GCC_WARN_UNINITIALIZED_AUTOS = YES_AGGRESSIVE;
				GCC_WARN_UNUSED_FUNCTION = YES;
				GCC_WARN_UNUSED_VARIABLE = YES;
				MACOSX_DEPLOYMENT_TARGET = 10.15;
				MTL_ENABLE_DEBUG_INFO = INCLUDE_SOURCE;
				MTL_FAST_MATH = YES;
				ONLY_ACTIVE_ARCH = YES;
				SDKROOT = macosx;
				SWIFT_ACTIVE_COMPILATION_CONDITIONS = DEBUG;
				SWIFT_OPTIMIZATION_LEVEL = "-Onone";
			};
			name = Debug;
		};
		4170A803244592D700763F70 /* Release */ = {
			isa = XCBuildConfiguration;
			buildSettings = {
				ALWAYS_SEARCH_USER_PATHS = NO;
				CLANG_ANALYZER_NONNULL = YES;
				CLANG_ANALYZER_NUMBER_OBJECT_CONVERSION = YES_AGGRESSIVE;
				CLANG_CXX_LANGUAGE_STANDARD = "gnu++14";
				CLANG_CXX_LIBRARY = "libc++";
				CLANG_ENABLE_MODULES = YES;
				CLANG_ENABLE_OBJC_ARC = YES;
				CLANG_ENABLE_OBJC_WEAK = YES;
				CLANG_WARN_BLOCK_CAPTURE_AUTORELEASING = YES;
				CLANG_WARN_BOOL_CONVERSION = YES;
				CLANG_WARN_COMMA = YES;
				CLANG_WARN_CONSTANT_CONVERSION = YES;
				CLANG_WARN_DEPRECATED_OBJC_IMPLEMENTATIONS = YES;
				CLANG_WARN_DIRECT_OBJC_ISA_USAGE = YES_ERROR;
				CLANG_WARN_DOCUMENTATION_COMMENTS = YES;
				CLANG_WARN_EMPTY_BODY = YES;
				CLANG_WARN_ENUM_CONVERSION = YES;
				CLANG_WARN_INFINITE_RECURSION = YES;
				CLANG_WARN_INT_CONVERSION = YES;
				CLANG_WARN_NON_LITERAL_NULL_CONVERSION = YES;
				CLANG_WARN_OBJC_IMPLICIT_RETAIN_SELF = YES;
				CLANG_WARN_OBJC_LITERAL_CONVERSION = YES;
				CLANG_WARN_OBJC_ROOT_CLASS = YES_ERROR;
				CLANG_WARN_RANGE_LOOP_ANALYSIS = YES;
				CLANG_WARN_STRICT_PROTOTYPES = YES;
				CLANG_WARN_SUSPICIOUS_MOVE = YES;
				CLANG_WARN_UNGUARDED_AVAILABILITY = YES_AGGRESSIVE;
				CLANG_WARN_UNREACHABLE_CODE = YES;
				CLANG_WARN__DUPLICATE_METHOD_MATCH = YES;
				COPY_PHASE_STRIP = NO;
				DEBUG_INFORMATION_FORMAT = "dwarf-with-dsym";
				ENABLE_NS_ASSERTIONS = NO;
				ENABLE_STRICT_OBJC_MSGSEND = YES;
				GCC_C_LANGUAGE_STANDARD = gnu11;
				GCC_NO_COMMON_BLOCKS = YES;
				GCC_WARN_64_TO_32_BIT_CONVERSION = YES;
				GCC_WARN_ABOUT_RETURN_TYPE = YES_ERROR;
				GCC_WARN_UNDECLARED_SELECTOR = YES;
				GCC_WARN_UNINITIALIZED_AUTOS = YES_AGGRESSIVE;
				GCC_WARN_UNUSED_FUNCTION = YES;
				GCC_WARN_UNUSED_VARIABLE = YES;
				MACOSX_DEPLOYMENT_TARGET = 10.15;
				MTL_ENABLE_DEBUG_INFO = NO;
				MTL_FAST_MATH = YES;
				SDKROOT = macosx;
				SWIFT_COMPILATION_MODE = wholemodule;
				SWIFT_OPTIMIZATION_LEVEL = "-O";
			};
			name = Release;
		};
		4170A805244592D700763F70 /* Debug */ = {
			isa = XCBuildConfiguration;
			buildSettings = {
				CODE_SIGN_STYLE = Automatic;
				DEVELOPMENT_TEAM = XL6XKUMDT7;
				ENABLE_HARDENED_RUNTIME = YES;
				PRODUCT_NAME = "$(TARGET_NAME)";
				SWIFT_VERSION = 5.0;
			};
			name = Debug;
		};
		4170A806244592D700763F70 /* Release */ = {
			isa = XCBuildConfiguration;
			buildSettings = {
				CODE_SIGN_STYLE = Automatic;
				DEVELOPMENT_TEAM = XL6XKUMDT7;
				ENABLE_HARDENED_RUNTIME = YES;
				PRODUCT_NAME = "$(TARGET_NAME)";
				SWIFT_VERSION = 5.0;
			};
			name = Release;
		};
/* End XCBuildConfiguration section */

/* Begin XCConfigurationList section */
		4170A7F8244592D700763F70 /* Build configuration list for PBXProject "tmAlgorithm" */ = {
			isa = XCConfigurationList;
			buildConfigurations = (
				4170A802244592D700763F70 /* Debug */,
				4170A803244592D700763F70 /* Release */,
			);
			defaultConfigurationIsVisible = 0;
			defaultConfigurationName = Release;
		};
		4170A804244592D700763F70 /* Build configuration list for PBXNativeTarget "tmAlgorithm" */ = {
			isa = XCConfigurationList;
			buildConfigurations = (
				4170A805244592D700763F70 /* Debug */,
				4170A806244592D700763F70 /* Release */,
			);
			defaultConfigurationIsVisible = 0;
			defaultConfigurationName = Release;
		};
/* End XCConfigurationList section */
	};
	rootObject = 4170A7F5244592D700763F70 /* Project object */;
}
